PODS:
  - Alamofire (3.1.3)
  - APIKit (2.0.3):
    - Alamofire
    - BrightFutures
  - BrightFutures (3.2.0):
    - Result (= 1.0.0)
  - QiitaKit (1.2.1):
    - APIKit
  - QueryKit (0.12.1)
  - Realm (0.96.3):
    - Realm/Headers (= 0.96.3)
  - Realm/Headers (0.96.3)
  - RealmSwift (0.96.3):
    - Realm (= 0.96.3)
  - Result (1.0.0)

DEPENDENCIES:
  - QiitaKit (from `../../QiitaKit/QiitaKit.podspec`)
  - QueryKit
  - RealmSwift

EXTERNAL SOURCES:
  QiitaKit:
    :path: ../../QiitaKit/QiitaKit.podspec

SPEC CHECKSUMS:
  Alamofire: 9f93b56389e48def9220dd57d1f44b1927229a5a
  APIKit: 086b443ef5a577106fef6c30bab1db2055d81896
  BrightFutures: 894dcfc04059093b5477c2197ed4c0fb4ad07180
  QiitaKit: 09a5bbacf9f174932dc08e1e04ff8d2f0ca8eee7
  QueryKit: 6a8dbe9f33ffac00c424143695681a949b58518d
  Realm: 145d3cdf78a03aee71bde5381ad7e542bd541720
  RealmSwift: aab84968aad662f61f36473d1aea019f63481505
  Result: feaaff535eb59c414c6c7f95e6145ab991b1b07f

COCOAPODS: 0.39.0
