PODS:
  - Alamofire (3.1.3)
  - APIKit (2.0.3):
    - Alamofire
    - BrightFutures
  - BrightFutures (3.2.0):
    - Result (= 1.0.0)
  - LayoutKit (2.0.0)
  - QiitaDomainInterface (0.0.2):
    - QiitaKit
  - QiitaInfra (1.0.0):
    - QiitaDomainInterface
    - QiitaKit
    - QueryKit
    - RealmSwift
  - QiitaKit (1.2.1):
    - APIKit
  - QueryKit (0.12.1)
  - Realm (0.96.3):
    - Realm/Headers (= 0.96.3)
  - Realm/Headers (0.96.3)
  - RealmSwift (0.96.3):
    - Realm (= 0.96.3)
  - Result (1.0.0)
  - RxBlocking (2.0.0-beta.3):
    - RxSwift (~> 2.0.0-beta)
  - RxCocoa (2.0.0-beta.3):
    - RxSwift (~> 2.0.0-beta)
  - RxSwift (2.0.0-beta.3)
  - ToysBoxKit (1.0.0)

DEPENDENCIES:
  - LayoutKit (from `https://github.com/sora0077/LayoutKit.git`, tag `v2.0.0`)
  - QiitaInfra (from `../`)
  - RxBlocking (~> 2.0.0-beta)
  - RxCocoa (~> 2.0.0-beta)
  - RxSwift (~> 2.0.0-beta)
  - ToysBoxKit (from `https://github.com/sora0077/ToysBoxKit.git`, tag `1.0.0`)

EXTERNAL SOURCES:
  LayoutKit:
    :git: https://github.com/sora0077/LayoutKit.git
    :tag: v2.0.0
  QiitaInfra:
    :path: ../
  ToysBoxKit:
    :git: https://github.com/sora0077/ToysBoxKit.git
    :tag: 1.0.0

CHECKOUT OPTIONS:
  LayoutKit:
    :git: https://github.com/sora0077/LayoutKit.git
    :tag: v2.0.0
  ToysBoxKit:
    :git: https://github.com/sora0077/ToysBoxKit.git
    :tag: 1.0.0

SPEC CHECKSUMS:
  Alamofire: 9f93b56389e48def9220dd57d1f44b1927229a5a
  APIKit: 086b443ef5a577106fef6c30bab1db2055d81896
  BrightFutures: 894dcfc04059093b5477c2197ed4c0fb4ad07180
  LayoutKit: 539c73d8ef266d68f348cd1516f928d9e7460bd8
  QiitaDomainInterface: 403b0308e6a8a1460ae71583ba5f22119e16a131
  QiitaInfra: 549c1e896a13804a5a95fee4de861ce63e8cad56
  QiitaKit: 161ef5a8069bb78e906bd4d203768ea9ee842136
  QueryKit: 6a8dbe9f33ffac00c424143695681a949b58518d
  Realm: 145d3cdf78a03aee71bde5381ad7e542bd541720
  RealmSwift: aab84968aad662f61f36473d1aea019f63481505
  Result: feaaff535eb59c414c6c7f95e6145ab991b1b07f
  RxBlocking: 331f8bdedf77198f8ff1a37f09c492f1f4f631e5
  RxCocoa: 1472006304b296d03c847f78b21384523cc4902e
  RxSwift: 19fbe885b404d1d36d42ac8535134739a9b42952
  ToysBoxKit: ed4857035935236d19ef6148be0f88c3bff8e4d6

COCOAPODS: 0.39.0
